
Microsoft Visual Studio Solution File, Format Version 12.00
# Visual Studio 15
VisualStudioVersion = 15.0.26124.0
MinimumVisualStudioVersion = 15.0.26124.0
Project("{2150E333-8FDC-42A3-9474-1A3956D46DE8}") = "src", "src", "{F7D4CA41-BAB3-4F87-A125-916B7ACB2090}"
EndProject
Project("{FAE04EC0-301F-11D3-BF4B-00C04F79EFBC}") = "Web", "src\Web\Web.csproj", "{B443A16F-3269-44C7-850F-8C39EC33CA60}"
EndProject
Project("{FAE04EC0-301F-11D3-BF4B-00C04F79EFBC}") = "Core", "src\Core\Core.csproj", "{17881F7C-5BB8-4A50-A04D-4A5A7EACA71C}"
EndProject
Project("{FAE04EC0-301F-11D3-BF4B-00C04F79EFBC}") = "Infrastructure", "src\Infrastructure\Infrastructure.csproj", "{C6D146F2-B162-4954-93D1-F835A029CB5B}"
EndProject
Project("{2150E333-8FDC-42A3-9474-1A3956D46DE8}") = "tests", "tests", "{436D6D6E-2BF5-4C06-9DD8-2C267C3F4309}"
EndProject
Project("{FAE04EC0-301F-11D3-BF4B-00C04F79EFBC}") = "IntegrationTests", "tests\IntegrationTests\IntegrationTests.csproj", "{5F0B8A93-3C1D-4562-A303-315AA5943945}"
EndProject
Project("{FAE04EC0-301F-11D3-BF4B-00C04F79EFBC}") = "UnitTests", "tests\UnitTests\UnitTests.csproj", "{4A8B2217-2B87-448E-B707-90C601E08672}"
EndProject
Global
	GlobalSection(SolutionConfigurationPlatforms) = preSolution
		Debug|Any CPU = Debug|Any CPU
		Debug|x64 = Debug|x64
		Debug|x86 = Debug|x86
		Release|Any CPU = Release|Any CPU
		Release|x64 = Release|x64
		Release|x86 = Release|x86
	EndGlobalSection
	GlobalSection(SolutionProperties) = preSolution
		HideSolutionNode = FALSE
	EndGlobalSection
	GlobalSection(ProjectConfigurationPlatforms) = postSolution
		{B443A16F-3269-44C7-850F-8C39EC33CA60}.Debug|Any CPU.ActiveCfg = Debug|Any CPU
		{B443A16F-3269-44C7-850F-8C39EC33CA60}.Debug|Any CPU.Build.0 = Debug|Any CPU
		{B443A16F-3269-44C7-850F-8C39EC33CA60}.Debug|x64.ActiveCfg = Debug|Any CPU
		{B443A16F-3269-44C7-850F-8C39EC33CA60}.Debug|x64.Build.0 = Debug|Any CPU
		{B443A16F-3269-44C7-850F-8C39EC33CA60}.Debug|x86.ActiveCfg = Debug|Any CPU
		{B443A16F-3269-44C7-850F-8C39EC33CA60}.Debug|x86.Build.0 = Debug|Any CPU
		{B443A16F-3269-44C7-850F-8C39EC33CA60}.Release|Any CPU.ActiveCfg = Release|Any CPU
		{B443A16F-3269-44C7-850F-8C39EC33CA60}.Release|Any CPU.Build.0 = Release|Any CPU
		{B443A16F-3269-44C7-850F-8C39EC33CA60}.Release|x64.ActiveCfg = Release|Any CPU
		{B443A16F-3269-44C7-850F-8C39EC33CA60}.Release|x64.Build.0 = Release|Any CPU
		{B443A16F-3269-44C7-850F-8C39EC33CA60}.Release|x86.ActiveCfg = Release|Any CPU
		{B443A16F-3269-44C7-850F-8C39EC33CA60}.Release|x86.Build.0 = Release|Any CPU
		{17881F7C-5BB8-4A50-A04D-4A5A7EACA71C}.Debug|Any CPU.ActiveCfg = Debug|Any CPU
		{17881F7C-5BB8-4A50-A04D-4A5A7EACA71C}.Debug|Any CPU.Build.0 = Debug|Any CPU
		{17881F7C-5BB8-4A50-A04D-4A5A7EACA71C}.Debug|x64.ActiveCfg = Debug|Any CPU
		{17881F7C-5BB8-4A50-A04D-4A5A7EACA71C}.Debug|x64.Build.0 = Debug|Any CPU
		{17881F7C-5BB8-4A50-A04D-4A5A7EACA71C}.Debug|x86.ActiveCfg = Debug|Any CPU
		{17881F7C-5BB8-4A50-A04D-4A5A7EACA71C}.Debug|x86.Build.0 = Debug|Any CPU
		{17881F7C-5BB8-4A50-A04D-4A5A7EACA71C}.Release|Any CPU.ActiveCfg = Release|Any CPU
		{17881F7C-5BB8-4A50-A04D-4A5A7EACA71C}.Release|Any CPU.Build.0 = Release|Any CPU
		{17881F7C-5BB8-4A50-A04D-4A5A7EACA71C}.Release|x64.ActiveCfg = Release|Any CPU
		{17881F7C-5BB8-4A50-A04D-4A5A7EACA71C}.Release|x64.Build.0 = Release|Any CPU
		{17881F7C-5BB8-4A50-A04D-4A5A7EACA71C}.Release|x86.ActiveCfg = Release|Any CPU
		{17881F7C-5BB8-4A50-A04D-4A5A7EACA71C}.Release|x86.Build.0 = Release|Any CPU
		{C6D146F2-B162-4954-93D1-F835A029CB5B}.Debug|Any CPU.ActiveCfg = Debug|Any CPU
		{C6D146F2-B162-4954-93D1-F835A029CB5B}.Debug|Any CPU.Build.0 = Debug|Any CPU
		{C6D146F2-B162-4954-93D1-F835A029CB5B}.Debug|x64.ActiveCfg = Debug|Any CPU
		{C6D146F2-B162-4954-93D1-F835A029CB5B}.Debug|x64.Build.0 = Debug|Any CPU
		{C6D146F2-B162-4954-93D1-F835A029CB5B}.Debug|x86.ActiveCfg = Debug|Any CPU
		{C6D146F2-B162-4954-93D1-F835A029CB5B}.Debug|x86.Build.0 = Debug|Any CPU
		{C6D146F2-B162-4954-93D1-F835A029CB5B}.Release|Any CPU.ActiveCfg = Release|Any CPU
		{C6D146F2-B162-4954-93D1-F835A029CB5B}.Release|Any CPU.Build.0 = Release|Any CPU
		{C6D146F2-B162-4954-93D1-F835A029CB5B}.Release|x64.ActiveCfg = Release|Any CPU
		{C6D146F2-B162-4954-93D1-F835A029CB5B}.Release|x64.Build.0 = Release|Any CPU
		{C6D146F2-B162-4954-93D1-F835A029CB5B}.Release|x86.ActiveCfg = Release|Any CPU
		{C6D146F2-B162-4954-93D1-F835A029CB5B}.Release|x86.Build.0 = Release|Any CPU
		{5F0B8A93-3C1D-4562-A303-315AA5943945}.Debug|Any CPU.ActiveCfg = Debug|Any CPU
		{5F0B8A93-3C1D-4562-A303-315AA5943945}.Debug|Any CPU.Build.0 = Debug|Any CPU
		{5F0B8A93-3C1D-4562-A303-315AA5943945}.Debug|x64.ActiveCfg = Debug|Any CPU
		{5F0B8A93-3C1D-4562-A303-315AA5943945}.Debug|x64.Build.0 = Debug|Any CPU
		{5F0B8A93-3C1D-4562-A303-315AA5943945}.Debug|x86.ActiveCfg = Debug|Any CPU
		{5F0B8A93-3C1D-4562-A303-315AA5943945}.Debug|x86.Build.0 = Debug|Any CPU
		{5F0B8A93-3C1D-4562-A303-315AA5943945}.Release|Any CPU.ActiveCfg = Release|Any CPU
		{5F0B8A93-3C1D-4562-A303-315AA5943945}.Release|Any CPU.Build.0 = Release|Any CPU
		{5F0B8A93-3C1D-4562-A303-315AA5943945}.Release|x64.ActiveCfg = Release|Any CPU
		{5F0B8A93-3C1D-4562-A303-315AA5943945}.Release|x64.Build.0 = Release|Any CPU
		{5F0B8A93-3C1D-4562-A303-315AA5943945}.Release|x86.ActiveCfg = Release|Any CPU
		{5F0B8A93-3C1D-4562-A303-315AA5943945}.Release|x86.Build.0 = Release|Any CPU
		{4A8B2217-2B87-448E-B707-90C601E08672}.Debug|Any CPU.ActiveCfg = Debug|Any CPU
		{4A8B2217-2B87-448E-B707-90C601E08672}.Debug|Any CPU.Build.0 = Debug|Any CPU
		{4A8B2217-2B87-448E-B707-90C601E08672}.Debug|x64.ActiveCfg = Debug|Any CPU
		{4A8B2217-2B87-448E-B707-90C601E08672}.Debug|x64.Build.0 = Debug|Any CPU
		{4A8B2217-2B87-448E-B707-90C601E08672}.Debug|x86.ActiveCfg = Debug|Any CPU
		{4A8B2217-2B87-448E-B707-90C601E08672}.Debug|x86.Build.0 = Debug|Any CPU
		{4A8B2217-2B87-448E-B707-90C601E08672}.Release|Any CPU.ActiveCfg = Release|Any CPU
		{4A8B2217-2B87-448E-B707-90C601E08672}.Release|Any CPU.Build.0 = Release|Any CPU
		{4A8B2217-2B87-448E-B707-90C601E08672}.Release|x64.ActiveCfg = Release|Any CPU
		{4A8B2217-2B87-448E-B707-90C601E08672}.Release|x64.Build.0 = Release|Any CPU
		{4A8B2217-2B87-448E-B707-90C601E08672}.Release|x86.ActiveCfg = Release|Any CPU
		{4A8B2217-2B87-448E-B707-90C601E08672}.Release|x86.Build.0 = Release|Any CPU
	EndGlobalSection
	GlobalSection(NestedProjects) = preSolution
		{B443A16F-3269-44C7-850F-8C39EC33CA60} = {F7D4CA41-BAB3-4F87-A125-916B7ACB2090}
		{17881F7C-5BB8-4A50-A04D-4A5A7EACA71C} = {F7D4CA41-BAB3-4F87-A125-916B7ACB2090}
		{C6D146F2-B162-4954-93D1-F835A029CB5B} = {F7D4CA41-BAB3-4F87-A125-916B7ACB2090}
		{5F0B8A93-3C1D-4562-A303-315AA5943945} = {436D6D6E-2BF5-4C06-9DD8-2C267C3F4309}
		{4A8B2217-2B87-448E-B707-90C601E08672} = {436D6D6E-2BF5-4C06-9DD8-2C267C3F4309}
	EndGlobalSection
EndGlobal
